
Microsoft Visual Studio Solution File, Format Version 12.00
# Visual Studio 15
VisualStudioVersion = 15.0.27130.2010
MinimumVisualStudioVersion = 10.0.40219.1
Project("{9A19103F-16F7-4668-BE54-9A1E7A4F7556}") = "HelperBot", "HelperBot\HelperBot.csproj", "{543DE1B0-151B-446E-8013-5686DF8F5810}"
EndProject
Project("{FAE04EC0-301F-11D3-BF4B-00C04F79EFBC}") = "RssReader", "RssReader\RssReader.csproj", "{AA4B7F85-1DB6-4265-94FB-C3FAFA90EFEC}"
EndProject
Project("{9A19103F-16F7-4668-BE54-9A1E7A4F7556}") = "DAL", "DAL\DAL.csproj", "{B34F8804-85A9-49BA-9DBF-6BFE09BA4E8E}"
EndProject
Project("{9A19103F-16F7-4668-BE54-9A1E7A4F7556}") = "Utils", "Utils\Utils.csproj", "{DFA0FC97-1B70-405D-9F6B-40240C319E73}"
EndProject
Project("{9A19103F-16F7-4668-BE54-9A1E7A4F7556}") = "Models", "Models\Models.csproj", "{A69B0695-B899-448E-89D5-808CB1C8D3E7}"
EndProject
Project("{9A19103F-16F7-4668-BE54-9A1E7A4F7556}") = "ConsoleChat", "ConsoleChat\ConsoleChat.csproj", "{245113FD-81C1-4481-BD65-350C263DAC0D}"
EndProject
Project("{9A19103F-16F7-4668-BE54-9A1E7A4F7556}") = "WebHelper", "WebHelper\WebHelper.csproj", "{AAC63C46-0CE6-4E9F-BD12-2C0CE7B8FE6A}"
EndProject
Project("{FAE04EC0-301F-11D3-BF4B-00C04F79EFBC}") = "Core", "Core\Core.csproj", "{AC3C4CF4-D721-4210-A9F9-82C20448E203}"
EndProject
Global
	GlobalSection(SolutionConfigurationPlatforms) = preSolution
		Debug|Any CPU = Debug|Any CPU
		Release|Any CPU = Release|Any CPU
	EndGlobalSection
	GlobalSection(ProjectConfigurationPlatforms) = postSolution
		{543DE1B0-151B-446E-8013-5686DF8F5810}.Debug|Any CPU.ActiveCfg = Debug|Any CPU
		{543DE1B0-151B-446E-8013-5686DF8F5810}.Debug|Any CPU.Build.0 = Debug|Any CPU
		{543DE1B0-151B-446E-8013-5686DF8F5810}.Release|Any CPU.ActiveCfg = Release|Any CPU
		{543DE1B0-151B-446E-8013-5686DF8F5810}.Release|Any CPU.Build.0 = Release|Any CPU
		{AA4B7F85-1DB6-4265-94FB-C3FAFA90EFEC}.Debug|Any CPU.ActiveCfg = Debug|Any CPU
		{AA4B7F85-1DB6-4265-94FB-C3FAFA90EFEC}.Debug|Any CPU.Build.0 = Debug|Any CPU
		{AA4B7F85-1DB6-4265-94FB-C3FAFA90EFEC}.Release|Any CPU.ActiveCfg = Release|Any CPU
		{AA4B7F85-1DB6-4265-94FB-C3FAFA90EFEC}.Release|Any CPU.Build.0 = Release|Any CPU
		{B34F8804-85A9-49BA-9DBF-6BFE09BA4E8E}.Debug|Any CPU.ActiveCfg = Debug|Any CPU
		{B34F8804-85A9-49BA-9DBF-6BFE09BA4E8E}.Debug|Any CPU.Build.0 = Debug|Any CPU
		{B34F8804-85A9-49BA-9DBF-6BFE09BA4E8E}.Release|Any CPU.ActiveCfg = Release|Any CPU
		{B34F8804-85A9-49BA-9DBF-6BFE09BA4E8E}.Release|Any CPU.Build.0 = Release|Any CPU
		{DFA0FC97-1B70-405D-9F6B-40240C319E73}.Debug|Any CPU.ActiveCfg = Debug|Any CPU
		{DFA0FC97-1B70-405D-9F6B-40240C319E73}.Debug|Any CPU.Build.0 = Debug|Any CPU
		{DFA0FC97-1B70-405D-9F6B-40240C319E73}.Release|Any CPU.ActiveCfg = Release|Any CPU
		{DFA0FC97-1B70-405D-9F6B-40240C319E73}.Release|Any CPU.Build.0 = Release|Any CPU
		{A69B0695-B899-448E-89D5-808CB1C8D3E7}.Debug|Any CPU.ActiveCfg = Debug|Any CPU
		{A69B0695-B899-448E-89D5-808CB1C8D3E7}.Debug|Any CPU.Build.0 = Debug|Any CPU
		{A69B0695-B899-448E-89D5-808CB1C8D3E7}.Release|Any CPU.ActiveCfg = Release|Any CPU
		{A69B0695-B899-448E-89D5-808CB1C8D3E7}.Release|Any CPU.Build.0 = Release|Any CPU
		{245113FD-81C1-4481-BD65-350C263DAC0D}.Debug|Any CPU.ActiveCfg = Debug|Any CPU
		{245113FD-81C1-4481-BD65-350C263DAC0D}.Debug|Any CPU.Build.0 = Debug|Any CPU
		{245113FD-81C1-4481-BD65-350C263DAC0D}.Release|Any CPU.ActiveCfg = Release|Any CPU
		{245113FD-81C1-4481-BD65-350C263DAC0D}.Release|Any CPU.Build.0 = Release|Any CPU
		{AAC63C46-0CE6-4E9F-BD12-2C0CE7B8FE6A}.Debug|Any CPU.ActiveCfg = Debug|Any CPU
		{AAC63C46-0CE6-4E9F-BD12-2C0CE7B8FE6A}.Debug|Any CPU.Build.0 = Debug|Any CPU
		{AAC63C46-0CE6-4E9F-BD12-2C0CE7B8FE6A}.Release|Any CPU.ActiveCfg = Release|Any CPU
		{AAC63C46-0CE6-4E9F-BD12-2C0CE7B8FE6A}.Release|Any CPU.Build.0 = Release|Any CPU
		{AC3C4CF4-D721-4210-A9F9-82C20448E203}.Debug|Any CPU.ActiveCfg = Debug|Any CPU
		{AC3C4CF4-D721-4210-A9F9-82C20448E203}.Debug|Any CPU.Build.0 = Debug|Any CPU
		{AC3C4CF4-D721-4210-A9F9-82C20448E203}.Release|Any CPU.ActiveCfg = Release|Any CPU
		{AC3C4CF4-D721-4210-A9F9-82C20448E203}.Release|Any CPU.Build.0 = Release|Any CPU
	EndGlobalSection
	GlobalSection(SolutionProperties) = preSolution
		HideSolutionNode = FALSE
	EndGlobalSection
	GlobalSection(ExtensibilityGlobals) = postSolution
		SolutionGuid = {44FBE937-A61A-4BD4-8B28-DEFA2C1B3818}
	EndGlobalSection
EndGlobal
